
Microsoft Visual Studio Solution File, Format Version 12.00
# Visual Studio 15
VisualStudioVersion = 15.0.26730.16
MinimumVisualStudioVersion = 10.0.40219.1
Project("{8BC9CEB8-8B4A-11D0-8D11-00A0C91BC942}") = "HW", "HW\HW.vcxproj", "{781EDE68-99C3-4591-9FF3-6970FC303D4F}"
EndProject
Global
	GlobalSection(SolutionConfigurationPlatforms) = preSolution
		Debug|x64 = Debug|x64
		Debug|x86 = Debug|x86
		Release|x64 = Release|x64
		Release|x86 = Release|x86
	EndGlobalSection
	GlobalSection(ProjectConfigurationPlatforms) = postSolution
		{781EDE68-99C3-4591-9FF3-6970FC303D4F}.Debug|x64.ActiveCfg = Debug|x64
		{781EDE68-99C3-4591-9FF3-6970FC303D4F}.Debug|x64.Build.0 = Debug|x64
		{781EDE68-99C3-4591-9FF3-6970FC303D4F}.Debug|x86.ActiveCfg = Debug|Win32
		{781EDE68-99C3-4591-9FF3-6970FC303D4F}.Debug|x86.Build.0 = Debug|Win32
		{781EDE68-99C3-4591-9FF3-6970FC303D4F}.Release|x64.ActiveCfg = Release|x64
		{781EDE68-99C3-4591-9FF3-6970FC303D4F}.Release|x64.Build.0 = Release|x64
		{781EDE68-99C3-4591-9FF3-6970FC303D4F}.Release|x86.ActiveCfg = Release|Win32
		{781EDE68-99C3-4591-9FF3-6970FC303D4F}.Release|x86.Build.0 = Release|Win32
	EndGlobalSection
	GlobalSection(SolutionProperties) = preSolution
		HideSolutionNode = FALSE
	EndGlobalSection
	GlobalSection(ExtensibilityGlobals) = postSolution
		SolutionGuid = {E1713463-B44B-4793-BF09-DA0EAA9135D5}
	EndGlobalSection
EndGlobal
